// !$*UTF8*$!
{
	archiveVersion = 1;
	classes = {
	};
	objectVersion = 46;
	objects = {

/* Begin PBXBuildFile section */
		4D6A6B221D7FEE2D00B87BD3 /* main.m in Sources */ = {isa = PBXBuildFile; fileRef = 4D6A6B211D7FEE2D00B87BD3 /* main.m */; };
		4D6A6B251D7FEE2D00B87BD3 /* AppDelegate.m in Sources */ = {isa = PBXBuildFile; fileRef = 4D6A6B241D7FEE2D00B87BD3 /* AppDelegate.m */; };
		4D6A6B281D7FEE2D00B87BD3 /* ViewController.m in Sources */ = {isa = PBXBuildFile; fileRef = 4D6A6B271D7FEE2D00B87BD3 /* ViewController.m */; };
		4D6A6B2B1D7FEE2D00B87BD3 /* Main.storyboard in Resources */ = {isa = PBXBuildFile; fileRef = 4D6A6B291D7FEE2D00B87BD3 /* Main.storyboard */; };
		4D6A6B2D1D7FEE2D00B87BD3 /* Assets.xcassets in Resources */ = {isa = PBXBuildFile; fileRef = 4D6A6B2C1D7FEE2D00B87BD3 /* Assets.xcassets */; };
		4D6A6B301D7FEE2D00B87BD3 /* LaunchScreen.storyboard in Resources */ = {isa = PBXBuildFile; fileRef = 4D6A6B2E1D7FEE2D00B87BD3 /* LaunchScreen.storyboard */; };
		4D6A6B3A1D7FEE7700B87BD3 /* 1.plist in Resources */ = {isa = PBXBuildFile; fileRef = 4D6A6B371D7FEE7700B87BD3 /* 1.plist */; };
		4D6A6B3B1D7FEE7700B87BD3 /* 2.plist in Resources */ = {isa = PBXBuildFile; fileRef = 4D6A6B381D7FEE7700B87BD3 /* 2.plist */; };
		4D6A6B3C1D7FEE7700B87BD3 /* 3.plist in Resources */ = {isa = PBXBuildFile; fileRef = 4D6A6B391D7FEE7700B87BD3 /* 3.plist */; };
		4D6A6B3F1D7FF30500B87BD3 /* ZDShop.m in Sources */ = {isa = PBXBuildFile; fileRef = 4D6A6B3E1D7FF30500B87BD3 /* ZDShop.m */; };
/* End PBXBuildFile section */

/* Begin PBXFileReference section */
		4D6A6B1D1D7FEE2D00B87BD3 /* waterFall.app */ = {isa = PBXFileReference; explicitFileType = wrapper.application; includeInIndex = 0; path = waterFall.app; sourceTree = BUILT_PRODUCTS_DIR; };
		4D6A6B211D7FEE2D00B87BD3 /* main.m */ = {isa = PBXFileReference; lastKnownFileType = sourcecode.c.objc; path = main.m; sourceTree = "<group>"; };
		4D6A6B231D7FEE2D00B87BD3 /* AppDelegate.h */ = {isa = PBXFileReference; lastKnownFileType = sourcecode.c.h; path = AppDelegate.h; sourceTree = "<group>"; };
		4D6A6B241D7FEE2D00B87BD3 /* AppDelegate.m */ = {isa = PBXFileReference; lastKnownFileType = sourcecode.c.objc; path = AppDelegate.m; sourceTree = "<group>"; };
		4D6A6B261D7FEE2D00B87BD3 /* ViewController.h */ = {isa = PBXFileReference; lastKnownFileType = sourcecode.c.h; path = ViewController.h; sourceTree = "<group>"; };
		4D6A6B271D7FEE2D00B87BD3 /* ViewController.m */ = {isa = PBXFileReference; lastKnownFileType = sourcecode.c.objc; path = ViewController.m; sourceTree = "<group>"; };
		4D6A6B2A1D7FEE2D00B87BD3 /* Base */ = {isa = PBXFileReference; lastKnownFileType = file.storyboard; name = Base; path = Base.lproj/Main.storyboard; sourceTree = "<group>"; };
		4D6A6B2C1D7FEE2D00B87BD3 /* Assets.xcassets */ = {isa = PBXFileReference; lastKnownFileType = folder.assetcatalog; path = Assets.xcassets; sourceTree = "<group>"; };
		4D6A6B2F1D7FEE2D00B87BD3 /* Base */ = {isa = PBXFileReference; lastKnownFileType = file.storyboard; name = Base; path = Base.lproj/LaunchScreen.storyboard; sourceTree = "<group>"; };
		4D6A6B311D7FEE2D00B87BD3 /* Info.plist */ = {isa = PBXFileReference; lastKnownFileType = text.plist.xml; path = Info.plist; sourceTree = "<group>"; };
		4D6A6B371D7FEE7700B87BD3 /* 1.plist */ = {isa = PBXFileReference; fileEncoding = 4; lastKnownFileType = text.plist.xml; path = 1.plist; sourceTree = "<group>"; };
		4D6A6B381D7FEE7700B87BD3 /* 2.plist */ = {isa = PBXFileReference; fileEncoding = 4; lastKnownFileType = text.plist.xml; path = 2.plist; sourceTree = "<group>"; };
		4D6A6B391D7FEE7700B87BD3 /* 3.plist */ = {isa = PBXFileReference; fileEncoding = 4; lastKnownFileType = text.plist.xml; path = 3.plist; sourceTree = "<group>"; };
		4D6A6B3D1D7FF30500B87BD3 /* ZDShop.h */ = {isa = PBXFileReference; fileEncoding = 4; lastKnownFileType = sourcecode.c.h; path = ZDShop.h; sourceTree = "<group>"; };
		4D6A6B3E1D7FF30500B87BD3 /* ZDShop.m */ = {isa = PBXFileReference; fileEncoding = 4; lastKnownFileType = sourcecode.c.objc; path = ZDShop.m; sourceTree = "<group>"; };
/* End PBXFileReference section */

/* Begin PBXFrameworksBuildPhase section */
		4D6A6B1A1D7FEE2D00B87BD3 /* Frameworks */ = {
			isa = PBXFrameworksBuildPhase;
			buildActionMask = 2147483647;
			files = (
			);
			runOnlyForDeploymentPostprocessing = 0;
		};
/* End PBXFrameworksBuildPhase section */

/* Begin PBXGroup section */
		4D6A6B141D7FEE2D00B87BD3 = {
			isa = PBXGroup;
			children = (
				4D6A6B1F1D7FEE2D00B87BD3 /* waterFall */,
				4D6A6B1E1D7FEE2D00B87BD3 /* Products */,
			);
			sourceTree = "<group>";
		};
		4D6A6B1E1D7FEE2D00B87BD3 /* Products */ = {
			isa = PBXGroup;
			children = (
				4D6A6B1D1D7FEE2D00B87BD3 /* waterFall.app */,
			);
			name = Products;
			sourceTree = "<group>";
		};
		4D6A6B1F1D7FEE2D00B87BD3 /* waterFall */ = {
			isa = PBXGroup;
			children = (
				4D6A6B231D7FEE2D00B87BD3 /* AppDelegate.h */,
				4D6A6B241D7FEE2D00B87BD3 /* AppDelegate.m */,
				4D6A6B261D7FEE2D00B87BD3 /* ViewController.h */,
				4D6A6B271D7FEE2D00B87BD3 /* ViewController.m */,
				4D6A6B3D1D7FF30500B87BD3 /* ZDShop.h */,
				4D6A6B3E1D7FF30500B87BD3 /* ZDShop.m */,
				4D6A6B291D7FEE2D00B87BD3 /* Main.storyboard */,
				4D6A6B2C1D7FEE2D00B87BD3 /* Assets.xcassets */,
				4D6A6B2E1D7FEE2D00B87BD3 /* LaunchScreen.storyboard */,
				4D6A6B311D7FEE2D00B87BD3 /* Info.plist */,
				4D6A6B201D7FEE2D00B87BD3 /* Supporting Files */,
			);
			path = waterFall;
			sourceTree = "<group>";
		};
		4D6A6B201D7FEE2D00B87BD3 /* Supporting Files */ = {
			isa = PBXGroup;
			children = (
				4D6A6B371D7FEE7700B87BD3 /* 1.plist */,
				4D6A6B381D7FEE7700B87BD3 /* 2.plist */,
				4D6A6B391D7FEE7700B87BD3 /* 3.plist */,
				4D6A6B211D7FEE2D00B87BD3 /* main.m */,
			);
			name = "Supporting Files";
			sourceTree = "<group>";
		};
/* End PBXGroup section */

/* Begin PBXNativeTarget section */
		4D6A6B1C1D7FEE2D00B87BD3 /* waterFall */ = {
			isa = PBXNativeTarget;
			buildConfigurationList = 4D6A6B341D7FEE2D00B87BD3 /* Build configuration list for PBXNativeTarget "waterFall" */;
			buildPhases = (
				4D6A6B191D7FEE2D00B87BD3 /* Sources */,
				4D6A6B1A1D7FEE2D00B87BD3 /* Frameworks */,
				4D6A6B1B1D7FEE2D00B87BD3 /* Resources */,
			);
			buildRules = (
			);
			dependencies = (
			);
			name = waterFall;
			productName = waterFall;
			productReference = 4D6A6B1D1D7FEE2D00B87BD3 /* waterFall.app */;
			productType = "com.apple.product-type.application";
		};
/* End PBXNativeTarget section */

/* Begin PBXProject section */
		4D6A6B151D7FEE2D00B87BD3 /* Project object */ = {
			isa = PBXProject;
			attributes = {
				LastUpgradeCheck = 0730;
				ORGANIZATIONNAME = "赵东亮";
				TargetAttributes = {
					4D6A6B1C1D7FEE2D00B87BD3 = {
						CreatedOnToolsVersion = 7.3;
					};
				};
			};
			buildConfigurationList = 4D6A6B181D7FEE2D00B87BD3 /* Build configuration list for PBXProject "waterFall" */;
			compatibilityVersion = "Xcode 3.2";
			developmentRegion = English;
			hasScannedForEncodings = 0;
			knownRegions = (
				en,
				Base,
			);
			mainGroup = 4D6A6B141D7FEE2D00B87BD3;
			productRefGroup = 4D6A6B1E1D7FEE2D00B87BD3 /* Products */;
			projectDirPath = "";
			projectRoot = "";
			targets = (
				4D6A6B1C1D7FEE2D00B87BD3 /* waterFall */,
			);
		};
/* End PBXProject section */

/* Begin PBXResourcesBuildPhase section */
		4D6A6B1B1D7FEE2D00B87BD3 /* Resources */ = {
			isa = PBXResourcesBuildPhase;
			buildActionMask = 2147483647;
			files = (
				4D6A6B3C1D7FEE7700B87BD3 /* 3.plist in Resources */,
				4D6A6B301D7FEE2D00B87BD3 /* LaunchScreen.storyboard in Resources */,
				4D6A6B3B1D7FEE7700B87BD3 /* 2.plist in Resources */,
				4D6A6B2D1D7FEE2D00B87BD3 /* Assets.xcassets in Resources */,
				4D6A6B3A1D7FEE7700B87BD3 /* 1.plist in Resources */,
				4D6A6B2B1D7FEE2D00B87BD3 /* Main.storyboard in Resources */,
			);
			runOnlyForDeploymentPostprocessing = 0;
		};
/* End PBXResourcesBuildPhase section */

/* Begin PBXSourcesBuildPhase section */
		4D6A6B191D7FEE2D00B87BD3 /* Sources */ = {
			isa = PBXSourcesBuildPhase;
			buildActionMask = 2147483647;
			files = (
				4D6A6B281D7FEE2D00B87BD3 /* ViewController.m in Sources */,
				4D6A6B251D7FEE2D00B87BD3 /* AppDelegate.m in Sources */,
				4D6A6B221D7FEE2D00B87BD3 /* main.m in Sources */,
				4D6A6B3F1D7FF30500B87BD3 /* ZDShop.m in Sources */,
			);
			runOnlyForDeploymentPostprocessing = 0;
		};
/* End PBXSourcesBuildPhase section */

/* Begin PBXVariantGroup section */
		4D6A6B291D7FEE2D00B87BD3 /* Main.storyboard */ = {
			isa = PBXVariantGroup;
			children = (
				4D6A6B2A1D7FEE2D00B87BD3 /* Base */,
			);
			name = Main.storyboard;
			sourceTree = "<group>";
		};
		4D6A6B2E1D7FEE2D00B87BD3 /* LaunchScreen.storyboard */ = {
			isa = PBXVariantGroup;
			children = (
				4D6A6B2F1D7FEE2D00B87BD3 /* Base */,
			);
			name = LaunchScreen.storyboard;
			sourceTree = "<group>";
		};
/* End PBXVariantGroup section */

/* Begin XCBuildConfiguration section */
		4D6A6B321D7FEE2D00B87BD3 /* Debug */ = {
			isa = XCBuildConfiguration;
			buildSettings = {
				ALWAYS_SEARCH_USER_PATHS = NO;
				CLANG_ANALYZER_NONNULL = YES;
				CLANG_CXX_LANGUAGE_STANDARD = "gnu++0x";
				CLANG_CXX_LIBRARY = "libc++";
				CLANG_ENABLE_MODULES = YES;
				CLANG_ENABLE_OBJC_ARC = YES;
				CLANG_WARN_BOOL_CONVERSION = YES;
				CLANG_WARN_CONSTANT_CONVERSION = YES;
				CLANG_WARN_DIRECT_OBJC_ISA_USAGE = YES_ERROR;
				CLANG_WARN_EMPTY_BODY = YES;
				CLANG_WARN_ENUM_CONVERSION = YES;
				CLANG_WARN_INT_CONVERSION = YES;
				CLANG_WARN_OBJC_ROOT_CLASS = YES_ERROR;
				CLANG_WARN_UNREACHABLE_CODE = YES;
				CLANG_WARN__DUPLICATE_METHOD_MATCH = YES;
				"CODE_SIGN_IDENTITY[sdk=iphoneos*]" = "iPhone Developer";
				COPY_PHASE_STRIP = NO;
				DEBUG_INFORMATION_FORMAT = dwarf;
				ENABLE_STRICT_OBJC_MSGSEND = YES;
				ENABLE_TESTABILITY = YES;
				GCC_C_LANGUAGE_STANDARD = gnu99;
				GCC_DYNAMIC_NO_PIC = NO;
				GCC_NO_COMMON_BLOCKS = YES;
				GCC_OPTIMIZATION_LEVEL = 0;
				GCC_PREPROCESSOR_DEFINITIONS = (
					"DEBUG=1",
					"$(inherited)",
				);
				GCC_WARN_64_TO_32_BIT_CONVERSION = YES;
				GCC_WARN_ABOUT_RETURN_TYPE = YES_ERROR;
				GCC_WARN_UNDECLARED_SELECTOR = YES;
				GCC_WARN_UNINITIALIZED_AUTOS = YES_AGGRESSIVE;
				GCC_WARN_UNUSED_FUNCTION = YES;
				GCC_WARN_UNUSED_VARIABLE = YES;
				IPHONEOS_DEPLOYMENT_TARGET = 9.3;
				MTL_ENABLE_DEBUG_INFO = YES;
				ONLY_ACTIVE_ARCH = YES;
				SDKROOT = iphoneos;
				TARGETED_DEVICE_FAMILY = "1,2";
			};
			name = Debug;
		};
		4D6A6B331D7FEE2D00B87BD3 /* Release */ = {
			isa = XCBuildConfiguration;
			buildSettings = {
				ALWAYS_SEARCH_USER_PATHS = NO;
				CLANG_ANALYZER_NONNULL = YES;
				CLANG_CXX_LANGUAGE_STANDARD = "gnu++0x";
				CLANG_CXX_LIBRARY = "libc++";
				CLANG_ENABLE_MODULES = YES;
				CLANG_ENABLE_OBJC_ARC = YES;
				CLANG_WARN_BOOL_CONVERSION = YES;
				CLANG_WARN_CONSTANT_CONVERSION = YES;
				CLANG_WARN_DIRECT_OBJC_ISA_USAGE = YES_ERROR;
				CLANG_WARN_EMPTY_BODY = YES;
				CLANG_WARN_ENUM_CONVERSION = YES;
				CLANG_WARN_INT_CONVERSION = YES;
				CLANG_WARN_OBJC_ROOT_CLASS = YES_ERROR;
				CLANG_WARN_UNREACHABLE_CODE = YES;
				CLANG_WARN__DUPLICATE_METHOD_MATCH = YES;
				"CODE_SIGN_IDENTITY[sdk=iphoneos*]" = "iPhone Developer";
				COPY_PHASE_STRIP = NO;
				DEBUG_INFORMATION_FORMAT = "dwarf-with-dsym";
				ENABLE_NS_ASSERTIONS = NO;
				ENABLE_STRICT_OBJC_MSGSEND = YES;
				GCC_C_LANGUAGE_STANDARD = gnu99;
				GCC_NO_COMMON_BLOCKS = YES;
				GCC_WARN_64_TO_32_BIT_CONVERSION = YES;
				GCC_WARN_ABOUT_RETURN_TYPE = YES_ERROR;
				GCC_WARN_UNDECLARED_SELECTOR = YES;
				GCC_WARN_UNINITIALIZED_AUTOS = YES_AGGRESSIVE;
				GCC_WARN_UNUSED_FUNCTION = YES;
				GCC_WARN_UNUSED_VARIABLE = YES;
				IPHONEOS_DEPLOYMENT_TARGET = 9.3;
				MTL_ENABLE_DEBUG_INFO = NO;
				SDKROOT = iphoneos;
				TARGETED_DEVICE_FAMILY = "1,2";
				VALIDATE_PRODUCT = YES;
			};
			name = Release;
		};
		4D6A6B351D7FEE2D00B87BD3 /* Debug */ = {
			isa = XCBuildConfiguration;
			buildSettings = {
				ASSETCATALOG_COMPILER_APPICON_NAME = AppIcon;
				INFOPLIST_FILE = waterFall/Info.plist;
				LD_RUNPATH_SEARCH_PATHS = "$(inherited) @executable_path/Frameworks";
				PRODUCT_BUNDLE_IDENTIFIER = "-2.waterFall";
				PRODUCT_NAME = "$(TARGET_NAME)";
			};
			name = Debug;
		};
		4D6A6B361D7FEE2D00B87BD3 /* Release */ = {
			isa = XCBuildConfiguration;
			buildSettings = {
				ASSETCATALOG_COMPILER_APPICON_NAME = AppIcon;
				INFOPLIST_FILE = waterFall/Info.plist;
				LD_RUNPATH_SEARCH_PATHS = "$(inherited) @executable_path/Frameworks";
				PRODUCT_BUNDLE_IDENTIFIER = "-2.waterFall";
				PRODUCT_NAME = "$(TARGET_NAME)";
			};
			name = Release;
		};
/* End XCBuildConfiguration section */

/* Begin XCConfigurationList section */
		4D6A6B181D7FEE2D00B87BD3 /* Build configuration list for PBXProject "waterFall" */ = {
			isa = XCConfigurationList;
			buildConfigurations = (
				4D6A6B321D7FEE2D00B87BD3 /* Debug */,
				4D6A6B331D7FEE2D00B87BD3 /* Release */,
			);
			defaultConfigurationIsVisible = 0;
			defaultConfigurationName = Release;
		};
		4D6A6B341D7FEE2D00B87BD3 /* Build configuration list for PBXNativeTarget "waterFall" */ = {
			isa = XCConfigurationList;
			buildConfigurations = (
				4D6A6B351D7FEE2D00B87BD3 /* Debug */,
				4D6A6B361D7FEE2D00B87BD3 /* Release */,
			);
			defaultConfigurationIsVisible = 0;
		};
/* End XCConfigurationList section */
	};
	rootObject = 4D6A6B151D7FEE2D00B87BD3 /* Project object */;
}
